# THIS IS AN AUTOGENERATED FILE. DO NOT EDIT THIS FILE DIRECTLY.
# yarn lockfile v1


"@types/googlemaps@^3.36.5":
  version "3.36.5"
  resolved "https://registry.yarnpkg.com/@types/googlemaps/-/googlemaps-3.36.5.tgz#9fa57d430e4982ce9f2352e1a48dfe5c294fe868"
  integrity sha512-ft36SAiK2eJIC+dovC8iJNbfREYAq7toDizRttCLV7tX427s72LXwSW9aWjbS+pLRbMhjV29WBR8iGvtytRuNg==

faker@^4.1.0:
  version "4.1.0"
  resolved "https://registry.yarnpkg.com/faker/-/faker-4.1.0.tgz#1e45bbbecc6774b3c195fad2835109c6d748cc3f"
  integrity sha1-HkW7vsxndLPBlfrSg1EJxtdIzD8=
